
Microsoft Visual Studio Solution File, Format Version 11.00
# Visual Studio 2010
Project("{FAE04EC0-301F-11D3-BF4B-00C04F79EFBC}") = "CaSharpServer", "..\..\support\epicssharp\rev20\server\CaSharpServer.csproj", "{F4E955E5-E6D7-49A4-BD5B-43FED09E801A}"
EndProject
Project("{FAE04EC0-301F-11D3-BF4B-00C04F79EFBC}") = "Server", "src\Server.csproj", "{52502968-956E-4491-A318-FE28CC8EFF8D}"
EndProject
Global
	GlobalSection(SolutionConfigurationPlatforms) = preSolution
		Debug|Any CPU = Debug|Any CPU
		Debug|Win32 = Debug|Win32
		Debug|x64 = Debug|x64
		Debug|x86 = Debug|x86
		DebugNativeOnly|Any CPU = DebugNativeOnly|Any CPU
		DebugNativeOnly|Win32 = DebugNativeOnly|Win32
		DebugNativeOnly|x64 = DebugNativeOnly|x64
		DebugNativeOnly|x86 = DebugNativeOnly|x86
		Release|Any CPU = Release|Any CPU
		Release|Win32 = Release|Win32
		Release|x64 = Release|x64
		Release|x86 = Release|x86
		ReleaseNativeOnly|Any CPU = ReleaseNativeOnly|Any CPU
		ReleaseNativeOnly|Win32 = ReleaseNativeOnly|Win32
		ReleaseNativeOnly|x64 = ReleaseNativeOnly|x64
		ReleaseNativeOnly|x86 = ReleaseNativeOnly|x86
	EndGlobalSection
	GlobalSection(ProjectConfigurationPlatforms) = postSolution
		{F4E955E5-E6D7-49A4-BD5B-43FED09E801A}.Debug|Any CPU.ActiveCfg = Debug|Any CPU
		{F4E955E5-E6D7-49A4-BD5B-43FED09E801A}.Debug|Any CPU.Build.0 = Debug|Any CPU
		{F4E955E5-E6D7-49A4-BD5B-43FED09E801A}.Debug|Win32.ActiveCfg = Debug|x86
		{F4E955E5-E6D7-49A4-BD5B-43FED09E801A}.Debug|Win32.Build.0 = Debug|x86
		{F4E955E5-E6D7-49A4-BD5B-43FED09E801A}.Debug|x64.ActiveCfg = Debug|x64
		{F4E955E5-E6D7-49A4-BD5B-43FED09E801A}.Debug|x64.Build.0 = Debug|x64
		{F4E955E5-E6D7-49A4-BD5B-43FED09E801A}.Debug|x86.ActiveCfg = Debug|x86
		{F4E955E5-E6D7-49A4-BD5B-43FED09E801A}.Debug|x86.Build.0 = Debug|x86
		{F4E955E5-E6D7-49A4-BD5B-43FED09E801A}.DebugNativeOnly|Any CPU.ActiveCfg = Debug|x86
		{F4E955E5-E6D7-49A4-BD5B-43FED09E801A}.DebugNativeOnly|Win32.ActiveCfg = Debug|x86
		{F4E955E5-E6D7-49A4-BD5B-43FED09E801A}.DebugNativeOnly|x64.ActiveCfg = Debug|x86
		{F4E955E5-E6D7-49A4-BD5B-43FED09E801A}.DebugNativeOnly|x86.ActiveCfg = Debug|x86
		{F4E955E5-E6D7-49A4-BD5B-43FED09E801A}.DebugNativeOnly|x86.Build.0 = Debug|x86
		{F4E955E5-E6D7-49A4-BD5B-43FED09E801A}.Release|Any CPU.ActiveCfg = Release|Any CPU
		{F4E955E5-E6D7-49A4-BD5B-43FED09E801A}.Release|Any CPU.Build.0 = Release|Any CPU
		{F4E955E5-E6D7-49A4-BD5B-43FED09E801A}.Release|Win32.ActiveCfg = Release|x86
		{F4E955E5-E6D7-49A4-BD5B-43FED09E801A}.Release|x64.ActiveCfg = Release|x64
		{F4E955E5-E6D7-49A4-BD5B-43FED09E801A}.Release|x64.Build.0 = Release|x64
		{F4E955E5-E6D7-49A4-BD5B-43FED09E801A}.Release|x86.ActiveCfg = Release|x86
		{F4E955E5-E6D7-49A4-BD5B-43FED09E801A}.Release|x86.Build.0 = Release|x86
		{F4E955E5-E6D7-49A4-BD5B-43FED09E801A}.ReleaseNativeOnly|Any CPU.ActiveCfg = Release|x86
		{F4E955E5-E6D7-49A4-BD5B-43FED09E801A}.ReleaseNativeOnly|Win32.ActiveCfg = Release|x86
		{F4E955E5-E6D7-49A4-BD5B-43FED09E801A}.ReleaseNativeOnly|x64.ActiveCfg = Release|x86
		{F4E955E5-E6D7-49A4-BD5B-43FED09E801A}.ReleaseNativeOnly|x86.ActiveCfg = Release|x86
		{F4E955E5-E6D7-49A4-BD5B-43FED09E801A}.ReleaseNativeOnly|x86.Build.0 = Release|x86
		{52502968-956E-4491-A318-FE28CC8EFF8D}.Debug|Any CPU.ActiveCfg = Debug|Any CPU
		{52502968-956E-4491-A318-FE28CC8EFF8D}.Debug|Any CPU.Build.0 = Debug|Any CPU
		{52502968-956E-4491-A318-FE28CC8EFF8D}.Debug|Win32.ActiveCfg = Debug|x86
		{52502968-956E-4491-A318-FE28CC8EFF8D}.Debug|Win32.Build.0 = Debug|x86
		{52502968-956E-4491-A318-FE28CC8EFF8D}.Debug|x64.ActiveCfg = Debug|x64
		{52502968-956E-4491-A318-FE28CC8EFF8D}.Debug|x64.Build.0 = Debug|x64
		{52502968-956E-4491-A318-FE28CC8EFF8D}.Debug|x86.ActiveCfg = Debug|x86
		{52502968-956E-4491-A318-FE28CC8EFF8D}.Debug|x86.Build.0 = Debug|x86
		{52502968-956E-4491-A318-FE28CC8EFF8D}.DebugNativeOnly|Any CPU.ActiveCfg = Debug|Any CPU
		{52502968-956E-4491-A318-FE28CC8EFF8D}.DebugNativeOnly|Any CPU.Build.0 = Debug|Any CPU
		{52502968-956E-4491-A318-FE28CC8EFF8D}.DebugNativeOnly|Win32.ActiveCfg = Debug|Any CPU
		{52502968-956E-4491-A318-FE28CC8EFF8D}.DebugNativeOnly|x64.ActiveCfg = Debug|Any CPU
		{52502968-956E-4491-A318-FE28CC8EFF8D}.DebugNativeOnly|x86.ActiveCfg = Debug|Any CPU
		{52502968-956E-4491-A318-FE28CC8EFF8D}.Release|Any CPU.ActiveCfg = Release|Any CPU
		{52502968-956E-4491-A318-FE28CC8EFF8D}.Release|Any CPU.Build.0 = Release|Any CPU
		{52502968-956E-4491-A318-FE28CC8EFF8D}.Release|Win32.ActiveCfg = Release|Any CPU
		{52502968-956E-4491-A318-FE28CC8EFF8D}.Release|x64.ActiveCfg = Release|x64
		{52502968-956E-4491-A318-FE28CC8EFF8D}.Release|x64.Build.0 = Release|x64
		{52502968-956E-4491-A318-FE28CC8EFF8D}.Release|x86.ActiveCfg = Release|x86
		{52502968-956E-4491-A318-FE28CC8EFF8D}.Release|x86.Build.0 = Release|x86
		{52502968-956E-4491-A318-FE28CC8EFF8D}.ReleaseNativeOnly|Any CPU.ActiveCfg = Release|Any CPU
		{52502968-956E-4491-A318-FE28CC8EFF8D}.ReleaseNativeOnly|Any CPU.Build.0 = Release|Any CPU
		{52502968-956E-4491-A318-FE28CC8EFF8D}.ReleaseNativeOnly|Win32.ActiveCfg = Release|Any CPU
		{52502968-956E-4491-A318-FE28CC8EFF8D}.ReleaseNativeOnly|x64.ActiveCfg = Release|Any CPU
		{52502968-956E-4491-A318-FE28CC8EFF8D}.ReleaseNativeOnly|x86.ActiveCfg = Release|Any CPU
	EndGlobalSection
	GlobalSection(SolutionProperties) = preSolution
		HideSolutionNode = FALSE
	EndGlobalSection
EndGlobal
