
Microsoft Visual Studio Solution File, Format Version 11.00
# Visual Studio 2010
Project("{FAE04EC0-301F-11D3-BF4B-00C04F79EFBC}") = "Mk3Wrapper", "Mk3Wrapper\Mk3Wrapper.csproj", "{8F7E6E5C-E381-4C72-A60F-D44B498FE648}"
EndProject
Project("{8BC9CEB8-8B4A-11D0-8D11-00A0C91BC942}") = "Mk3BridgeLib", "Mk3BridgeLib\Mk3BridgeLib.vcxproj", "{0CC5529A-FDB2-4F13-889C-EFF10C3B2BA9}"
EndProject
Project("{8BC9CEB8-8B4A-11D0-8D11-00A0C91BC942}") = "TestHarness", "TestHarness\TestHarness.vcxproj", "{985DD82B-CE92-48E0-84A0-069204E581F7}"
EndProject
Global
	GlobalSection(SolutionConfigurationPlatforms) = preSolution
		Debug|Any CPU = Debug|Any CPU
		Debug|Mixed Platforms = Debug|Mixed Platforms
		Debug|Win32 = Debug|Win32
		Debug|x64 = Debug|x64
		Debug|x86 = Debug|x86
		DebugNativeOnly|Any CPU = DebugNativeOnly|Any CPU
		DebugNativeOnly|Mixed Platforms = DebugNativeOnly|Mixed Platforms
		DebugNativeOnly|Win32 = DebugNativeOnly|Win32
		DebugNativeOnly|x64 = DebugNativeOnly|x64
		DebugNativeOnly|x86 = DebugNativeOnly|x86
		Release|Any CPU = Release|Any CPU
		Release|Mixed Platforms = Release|Mixed Platforms
		Release|Win32 = Release|Win32
		Release|x64 = Release|x64
		Release|x86 = Release|x86
		ReleaseNativeOnly|Any CPU = ReleaseNativeOnly|Any CPU
		ReleaseNativeOnly|Mixed Platforms = ReleaseNativeOnly|Mixed Platforms
		ReleaseNativeOnly|Win32 = ReleaseNativeOnly|Win32
		ReleaseNativeOnly|x64 = ReleaseNativeOnly|x64
		ReleaseNativeOnly|x86 = ReleaseNativeOnly|x86
	EndGlobalSection
	GlobalSection(ProjectConfigurationPlatforms) = postSolution
		{8F7E6E5C-E381-4C72-A60F-D44B498FE648}.Debug|Any CPU.ActiveCfg = Debug|x86
		{8F7E6E5C-E381-4C72-A60F-D44B498FE648}.Debug|Any CPU.Build.0 = Debug|x86
		{8F7E6E5C-E381-4C72-A60F-D44B498FE648}.Debug|Mixed Platforms.ActiveCfg = Debug|x86
		{8F7E6E5C-E381-4C72-A60F-D44B498FE648}.Debug|Mixed Platforms.Build.0 = Debug|x86
		{8F7E6E5C-E381-4C72-A60F-D44B498FE648}.Debug|Win32.ActiveCfg = Debug|x86
		{8F7E6E5C-E381-4C72-A60F-D44B498FE648}.Debug|Win32.Build.0 = Debug|x86
		{8F7E6E5C-E381-4C72-A60F-D44B498FE648}.Debug|x64.ActiveCfg = Debug|x64
		{8F7E6E5C-E381-4C72-A60F-D44B498FE648}.Debug|x64.Build.0 = Debug|x64
		{8F7E6E5C-E381-4C72-A60F-D44B498FE648}.Debug|x86.ActiveCfg = Debug|x86
		{8F7E6E5C-E381-4C72-A60F-D44B498FE648}.Debug|x86.Build.0 = Debug|x86
		{8F7E6E5C-E381-4C72-A60F-D44B498FE648}.DebugNativeOnly|Any CPU.ActiveCfg = Debug|Any CPU
		{8F7E6E5C-E381-4C72-A60F-D44B498FE648}.DebugNativeOnly|Any CPU.Build.0 = Debug|Any CPU
		{8F7E6E5C-E381-4C72-A60F-D44B498FE648}.DebugNativeOnly|Mixed Platforms.ActiveCfg = Debug|x86
		{8F7E6E5C-E381-4C72-A60F-D44B498FE648}.DebugNativeOnly|Mixed Platforms.Build.0 = Debug|x86
		{8F7E6E5C-E381-4C72-A60F-D44B498FE648}.DebugNativeOnly|Win32.ActiveCfg = Debug|Any CPU
		{8F7E6E5C-E381-4C72-A60F-D44B498FE648}.DebugNativeOnly|x64.ActiveCfg = Debug|Any CPU
		{8F7E6E5C-E381-4C72-A60F-D44B498FE648}.DebugNativeOnly|x86.ActiveCfg = Debug|Any CPU
		{8F7E6E5C-E381-4C72-A60F-D44B498FE648}.Release|Any CPU.ActiveCfg = Release|Any CPU
		{8F7E6E5C-E381-4C72-A60F-D44B498FE648}.Release|Any CPU.Build.0 = Release|Any CPU
		{8F7E6E5C-E381-4C72-A60F-D44B498FE648}.Release|Mixed Platforms.ActiveCfg = Release|x86
		{8F7E6E5C-E381-4C72-A60F-D44B498FE648}.Release|Mixed Platforms.Build.0 = Release|x86
		{8F7E6E5C-E381-4C72-A60F-D44B498FE648}.Release|Win32.ActiveCfg = Release|x86
		{8F7E6E5C-E381-4C72-A60F-D44B498FE648}.Release|Win32.Build.0 = Release|x86
		{8F7E6E5C-E381-4C72-A60F-D44B498FE648}.Release|x64.ActiveCfg = Release|x64
		{8F7E6E5C-E381-4C72-A60F-D44B498FE648}.Release|x64.Build.0 = Release|x64
		{8F7E6E5C-E381-4C72-A60F-D44B498FE648}.Release|x86.ActiveCfg = Release|x86
		{8F7E6E5C-E381-4C72-A60F-D44B498FE648}.Release|x86.Build.0 = Release|x86
		{8F7E6E5C-E381-4C72-A60F-D44B498FE648}.ReleaseNativeOnly|Any CPU.ActiveCfg = Release|Any CPU
		{8F7E6E5C-E381-4C72-A60F-D44B498FE648}.ReleaseNativeOnly|Any CPU.Build.0 = Release|Any CPU
		{8F7E6E5C-E381-4C72-A60F-D44B498FE648}.ReleaseNativeOnly|Mixed Platforms.ActiveCfg = Release|x86
		{8F7E6E5C-E381-4C72-A60F-D44B498FE648}.ReleaseNativeOnly|Mixed Platforms.Build.0 = Release|x86
		{8F7E6E5C-E381-4C72-A60F-D44B498FE648}.ReleaseNativeOnly|Win32.ActiveCfg = Release|Any CPU
		{8F7E6E5C-E381-4C72-A60F-D44B498FE648}.ReleaseNativeOnly|x64.ActiveCfg = Release|Any CPU
		{8F7E6E5C-E381-4C72-A60F-D44B498FE648}.ReleaseNativeOnly|x86.ActiveCfg = Release|Any CPU
		{0CC5529A-FDB2-4F13-889C-EFF10C3B2BA9}.Debug|Any CPU.ActiveCfg = Debug|Win32
		{0CC5529A-FDB2-4F13-889C-EFF10C3B2BA9}.Debug|Mixed Platforms.ActiveCfg = Debug|Win32
		{0CC5529A-FDB2-4F13-889C-EFF10C3B2BA9}.Debug|Mixed Platforms.Build.0 = Debug|Win32
		{0CC5529A-FDB2-4F13-889C-EFF10C3B2BA9}.Debug|Win32.ActiveCfg = Debug|Win32
		{0CC5529A-FDB2-4F13-889C-EFF10C3B2BA9}.Debug|Win32.Build.0 = Debug|Win32
		{0CC5529A-FDB2-4F13-889C-EFF10C3B2BA9}.Debug|x64.ActiveCfg = Debug|Win32
		{0CC5529A-FDB2-4F13-889C-EFF10C3B2BA9}.Debug|x86.ActiveCfg = Debug|Win32
		{0CC5529A-FDB2-4F13-889C-EFF10C3B2BA9}.DebugNativeOnly|Any CPU.ActiveCfg = Debug|Win32
		{0CC5529A-FDB2-4F13-889C-EFF10C3B2BA9}.DebugNativeOnly|Mixed Platforms.ActiveCfg = Debug|Win32
		{0CC5529A-FDB2-4F13-889C-EFF10C3B2BA9}.DebugNativeOnly|Mixed Platforms.Build.0 = Debug|Win32
		{0CC5529A-FDB2-4F13-889C-EFF10C3B2BA9}.DebugNativeOnly|Win32.ActiveCfg = Debug|Win32
		{0CC5529A-FDB2-4F13-889C-EFF10C3B2BA9}.DebugNativeOnly|Win32.Build.0 = Debug|Win32
		{0CC5529A-FDB2-4F13-889C-EFF10C3B2BA9}.DebugNativeOnly|x64.ActiveCfg = Debug|Win32
		{0CC5529A-FDB2-4F13-889C-EFF10C3B2BA9}.DebugNativeOnly|x86.ActiveCfg = Debug|Win32
		{0CC5529A-FDB2-4F13-889C-EFF10C3B2BA9}.Release|Any CPU.ActiveCfg = Release|Win32
		{0CC5529A-FDB2-4F13-889C-EFF10C3B2BA9}.Release|Mixed Platforms.ActiveCfg = Release|Win32
		{0CC5529A-FDB2-4F13-889C-EFF10C3B2BA9}.Release|Mixed Platforms.Build.0 = Release|Win32
		{0CC5529A-FDB2-4F13-889C-EFF10C3B2BA9}.Release|Win32.ActiveCfg = Release|Win32
		{0CC5529A-FDB2-4F13-889C-EFF10C3B2BA9}.Release|Win32.Build.0 = Release|Win32
		{0CC5529A-FDB2-4F13-889C-EFF10C3B2BA9}.Release|x64.ActiveCfg = Release|Win32
		{0CC5529A-FDB2-4F13-889C-EFF10C3B2BA9}.Release|x86.ActiveCfg = Release|Win32
		{0CC5529A-FDB2-4F13-889C-EFF10C3B2BA9}.ReleaseNativeOnly|Any CPU.ActiveCfg = Release|Win32
		{0CC5529A-FDB2-4F13-889C-EFF10C3B2BA9}.ReleaseNativeOnly|Mixed Platforms.ActiveCfg = Release|Win32
		{0CC5529A-FDB2-4F13-889C-EFF10C3B2BA9}.ReleaseNativeOnly|Mixed Platforms.Build.0 = Release|Win32
		{0CC5529A-FDB2-4F13-889C-EFF10C3B2BA9}.ReleaseNativeOnly|Win32.ActiveCfg = Release|Win32
		{0CC5529A-FDB2-4F13-889C-EFF10C3B2BA9}.ReleaseNativeOnly|Win32.Build.0 = Release|Win32
		{0CC5529A-FDB2-4F13-889C-EFF10C3B2BA9}.ReleaseNativeOnly|x64.ActiveCfg = Release|Win32
		{0CC5529A-FDB2-4F13-889C-EFF10C3B2BA9}.ReleaseNativeOnly|x86.ActiveCfg = Release|Win32
		{985DD82B-CE92-48E0-84A0-069204E581F7}.Debug|Any CPU.ActiveCfg = Debug|Win32
		{985DD82B-CE92-48E0-84A0-069204E581F7}.Debug|Mixed Platforms.ActiveCfg = Debug|Win32
		{985DD82B-CE92-48E0-84A0-069204E581F7}.Debug|Mixed Platforms.Build.0 = Debug|Win32
		{985DD82B-CE92-48E0-84A0-069204E581F7}.Debug|Win32.ActiveCfg = Debug|Win32
		{985DD82B-CE92-48E0-84A0-069204E581F7}.Debug|Win32.Build.0 = Debug|Win32
		{985DD82B-CE92-48E0-84A0-069204E581F7}.Debug|x64.ActiveCfg = Debug|Win32
		{985DD82B-CE92-48E0-84A0-069204E581F7}.Debug|x86.ActiveCfg = Debug|Win32
		{985DD82B-CE92-48E0-84A0-069204E581F7}.DebugNativeOnly|Any CPU.ActiveCfg = Debug|Win32
		{985DD82B-CE92-48E0-84A0-069204E581F7}.DebugNativeOnly|Mixed Platforms.ActiveCfg = Debug|Win32
		{985DD82B-CE92-48E0-84A0-069204E581F7}.DebugNativeOnly|Mixed Platforms.Build.0 = Debug|Win32
		{985DD82B-CE92-48E0-84A0-069204E581F7}.DebugNativeOnly|Win32.ActiveCfg = Debug|Win32
		{985DD82B-CE92-48E0-84A0-069204E581F7}.DebugNativeOnly|Win32.Build.0 = Debug|Win32
		{985DD82B-CE92-48E0-84A0-069204E581F7}.DebugNativeOnly|x64.ActiveCfg = Debug|Win32
		{985DD82B-CE92-48E0-84A0-069204E581F7}.DebugNativeOnly|x86.ActiveCfg = Debug|Win32
		{985DD82B-CE92-48E0-84A0-069204E581F7}.Release|Any CPU.ActiveCfg = Release|Win32
		{985DD82B-CE92-48E0-84A0-069204E581F7}.Release|Mixed Platforms.ActiveCfg = Release|Win32
		{985DD82B-CE92-48E0-84A0-069204E581F7}.Release|Mixed Platforms.Build.0 = Release|Win32
		{985DD82B-CE92-48E0-84A0-069204E581F7}.Release|Win32.ActiveCfg = Release|Win32
		{985DD82B-CE92-48E0-84A0-069204E581F7}.Release|Win32.Build.0 = Release|Win32
		{985DD82B-CE92-48E0-84A0-069204E581F7}.Release|x64.ActiveCfg = Release|Win32
		{985DD82B-CE92-48E0-84A0-069204E581F7}.Release|x86.ActiveCfg = Release|Win32
		{985DD82B-CE92-48E0-84A0-069204E581F7}.ReleaseNativeOnly|Any CPU.ActiveCfg = Release|Win32
		{985DD82B-CE92-48E0-84A0-069204E581F7}.ReleaseNativeOnly|Mixed Platforms.ActiveCfg = Release|Win32
		{985DD82B-CE92-48E0-84A0-069204E581F7}.ReleaseNativeOnly|Mixed Platforms.Build.0 = Release|Win32
		{985DD82B-CE92-48E0-84A0-069204E581F7}.ReleaseNativeOnly|Win32.ActiveCfg = Release|Win32
		{985DD82B-CE92-48E0-84A0-069204E581F7}.ReleaseNativeOnly|Win32.Build.0 = Release|Win32
		{985DD82B-CE92-48E0-84A0-069204E581F7}.ReleaseNativeOnly|x64.ActiveCfg = Release|Win32
		{985DD82B-CE92-48E0-84A0-069204E581F7}.ReleaseNativeOnly|x86.ActiveCfg = Release|Win32
	EndGlobalSection
	GlobalSection(SolutionProperties) = preSolution
		HideSolutionNode = FALSE
	EndGlobalSection
EndGlobal
